{
  "version": 3,
  "targets": {
    "net8.0": {
      "CSharpIsNullAnalyzer/0.1.593": {
        "type": "package"
      },
      "DotNetAnalyzers.DocumentationAnalyzers/1.0.0-beta.59": {
        "type": "package",
        "dependencies": {
          "DotNetAnalyzers.DocumentationAnalyzers.Unstable": "1.0.0.59"
        }
      },
      "DotNetAnalyzers.DocumentationAnalyzers.Unstable/1.0.0.59": {
        "type": "package"
      },
      "Microsoft.Build.Tasks.Git/1.0.0": {
        "type": "package",
        "build": {
          "build/Microsoft.Build.Tasks.Git.props": {},
          "build/Microsoft.Build.Tasks.Git.targets": {}
        },
        "buildMultiTargeting": {
          "buildMultiTargeting/Microsoft.Build.Tasks.Git.props": {},
          "buildMultiTargeting/Microsoft.Build.Tasks.Git.targets": {}
        }
      },
      "Microsoft.SourceLink.Common/1.0.0": {
        "type": "package",
        "build": {
          "build/Microsoft.SourceLink.Common.props": {},
          "build/Microsoft.SourceLink.Common.targets": {}
        },
        "buildMultiTargeting": {
          "buildMultiTargeting/Microsoft.SourceLink.Common.props": {},
          "buildMultiTargeting/Microsoft.SourceLink.Common.targets": {}
        }
      },
      "Microsoft.SourceLink.GitHub/1.0.0": {
        "type": "package",
        "dependencies": {
          "Microsoft.Build.Tasks.Git": "1.0.0",
          "Microsoft.SourceLink.Common": "1.0.0"
        },
        "build": {
          "build/Microsoft.SourceLink.GitHub.props": {},
          "build/Microsoft.SourceLink.GitHub.targets": {}
        },
        "buildMultiTargeting": {
          "buildMultiTargeting/Microsoft.SourceLink.GitHub.props": {},
          "buildMultiTargeting/Microsoft.SourceLink.GitHub.targets": {}
        }
      },
      "Nerdbank.GitVersioning/3.6.146": {
        "type": "package",
        "build": {
          "build/Nerdbank.GitVersioning.props": {},
          "build/Nerdbank.GitVersioning.targets": {}
        },
        "buildMultiTargeting": {
          "buildCrossTargeting/Nerdbank.GitVersioning.props": {},
          "buildCrossTargeting/Nerdbank.GitVersioning.targets": {}
        }
      },
      "Nullable/1.3.1": {
        "type": "package",
        "contentFiles": {
          "contentFiles/cs/net5.0/_._": {
            "buildAction": "None",
            "codeLanguage": "cs",
            "copyToOutput": false
          }
        },
        "build": {
          "build/Nullable.props": {}
        }
      }
    }
  },
  "libraries": {
    "CSharpIsNullAnalyzer/0.1.593": {
      "sha512": "iNPmcgZy7dPCtbKET2/aCq47NECBZG2brIXTW1AleFysxHufmRE3Xy30AlJtfbKzMrRU4MO8cu04c7MfGeUDjg==",
      "type": "package",
      "path": "csharpisnullanalyzer/0.1.593",
      "hasTools": true,
      "files": [
        ".nupkg.metadata",
        ".signature.p7s",
        "analyzers/cs/CSharpIsNullAnalyzer.CodeFixes.dll",
        "analyzers/cs/CSharpIsNullAnalyzer.dll",
        "csharpisnullanalyzer.0.1.593.nupkg.sha512",
        "csharpisnullanalyzer.nuspec",
        "tools/install.ps1",
        "tools/uninstall.ps1"
      ]
    },
    "DotNetAnalyzers.DocumentationAnalyzers/1.0.0-beta.59": {
      "sha512": "+cjn5bzar9cqDABF2SUsMEof8yoMXSNdHYdpCVNnj/M/cRACbKYHzYpgilSEvFlHGuolzJJ2WN++/EXwBzSsYQ==",
      "type": "package",
      "path": "dotnetanalyzers.documentationanalyzers/1.0.0-beta.59",
      "files": [
        ".nupkg.metadata",
        ".signature.p7s",
        "LICENSE",
        "THIRD-PARTY-NOTICES.txt",
        "dotnetanalyzers.documentationanalyzers.1.0.0-beta.59.nupkg.sha512",
        "dotnetanalyzers.documentationanalyzers.nuspec"
      ]
    },
    "DotNetAnalyzers.DocumentationAnalyzers.Unstable/1.0.0.59": {
      "sha512": "ekGYoPsAGTJs5cFbRdzfHKX2n2DzEATZyowGw3QJnozelzmhQ5tGCJhyolN5NWDq1p/GkBPKgRcQ5QGTKxaGrA==",
      "type": "package",
      "path": "dotnetanalyzers.documentationanalyzers.unstable/1.0.0.59",
      "hasTools": true,
      "files": [
        ".nupkg.metadata",
        ".signature.p7s",
        "LICENSE",
        "THIRD-PARTY-NOTICES.txt",
        "analyzers/dotnet/cs/CommonMark.dll",
        "analyzers/dotnet/cs/DocumentationAnalyzers.CodeFixes.dll",
        "analyzers/dotnet/cs/DocumentationAnalyzers.dll",
        "dotnetanalyzers.documentationanalyzers.unstable.1.0.0.59.nupkg.sha512",
        "dotnetanalyzers.documentationanalyzers.unstable.nuspec",
        "tools/install.ps1",
        "tools/uninstall.ps1"
      ]
    },
    "Microsoft.Build.Tasks.Git/1.0.0": {
      "sha512": "z2fpmmt+1Jfl+ZnBki9nSP08S1/tbEOxFdsK1rSR+LBehIJz1Xv9/6qOOoGNqlwnAGGVGis1Oj6S8Kt9COEYlQ==",
      "type": "package",
      "path": "microsoft.build.tasks.git/1.0.0",
      "hasTools": true,
      "files": [
        ".nupkg.metadata",
        ".signature.p7s",
        "Icon.png",
        "build/Microsoft.Build.Tasks.Git.props",
        "build/Microsoft.Build.Tasks.Git.targets",
        "buildMultiTargeting/Microsoft.Build.Tasks.Git.props",
        "buildMultiTargeting/Microsoft.Build.Tasks.Git.targets",
        "microsoft.build.tasks.git.1.0.0.nupkg.sha512",
        "microsoft.build.tasks.git.nuspec",
        "tools/net461/Microsoft.Build.Tasks.Git.dll",
        "tools/net461/System.Collections.Immutable.dll",
        "tools/net461/cs/Microsoft.Build.Tasks.Git.resources.dll",
        "tools/net461/de/Microsoft.Build.Tasks.Git.resources.dll",
        "tools/net461/es/Microsoft.Build.Tasks.Git.resources.dll",
        "tools/net461/fr/Microsoft.Build.Tasks.Git.resources.dll",
        "tools/net461/it/Microsoft.Build.Tasks.Git.resources.dll",
        "tools/net461/ja/Microsoft.Build.Tasks.Git.resources.dll",
        "tools/net461/ko/Microsoft.Build.Tasks.Git.resources.dll",
        "tools/net461/pl/Microsoft.Build.Tasks.Git.resources.dll",
        "tools/net461/pt-BR/Microsoft.Build.Tasks.Git.resources.dll",
        "tools/net461/ru/Microsoft.Build.Tasks.Git.resources.dll",
        "tools/net461/tr/Microsoft.Build.Tasks.Git.resources.dll",
        "tools/net461/zh-Hans/Microsoft.Build.Tasks.Git.resources.dll",
        "tools/net461/zh-Hant/Microsoft.Build.Tasks.Git.resources.dll",
        "tools/netcoreapp2.0/Microsoft.Build.Tasks.Git.dll",
        "tools/netcoreapp2.0/cs/Microsoft.Build.Tasks.Git.resources.dll",
        "tools/netcoreapp2.0/de/Microsoft.Build.Tasks.Git.resources.dll",
        "tools/netcoreapp2.0/es/Microsoft.Build.Tasks.Git.resources.dll",
        "tools/netcoreapp2.0/fr/Microsoft.Build.Tasks.Git.resources.dll",
        "tools/netcoreapp2.0/it/Microsoft.Build.Tasks.Git.resources.dll",
        "tools/netcoreapp2.0/ja/Microsoft.Build.Tasks.Git.resources.dll",
        "tools/netcoreapp2.0/ko/Microsoft.Build.Tasks.Git.resources.dll",
        "tools/netcoreapp2.0/pl/Microsoft.Build.Tasks.Git.resources.dll",
        "tools/netcoreapp2.0/pt-BR/Microsoft.Build.Tasks.Git.resources.dll",
        "tools/netcoreapp2.0/ru/Microsoft.Build.Tasks.Git.resources.dll",
        "tools/netcoreapp2.0/tr/Microsoft.Build.Tasks.Git.resources.dll",
        "tools/netcoreapp2.0/zh-Hans/Microsoft.Build.Tasks.Git.resources.dll",
        "tools/netcoreapp2.0/zh-Hant/Microsoft.Build.Tasks.Git.resources.dll"
      ]
    },
    "Microsoft.SourceLink.Common/1.0.0": {
      "sha512": "G8DuQY8/DK5NN+3jm5wcMcd9QYD90UV7MiLmdljSJixi3U/vNaeBKmmXUqI4DJCOeWizIUEh4ALhSt58mR+5eg==",
      "type": "package",
      "path": "microsoft.sourcelink.common/1.0.0",
      "hasTools": true,
      "files": [
        ".nupkg.metadata",
        ".signature.p7s",
        "Icon.png",
        "build/InitializeSourceControlInformation.targets",
        "build/Microsoft.SourceLink.Common.props",
        "build/Microsoft.SourceLink.Common.targets",
        "buildMultiTargeting/Microsoft.SourceLink.Common.props",
        "buildMultiTargeting/Microsoft.SourceLink.Common.targets",
        "microsoft.sourcelink.common.1.0.0.nupkg.sha512",
        "microsoft.sourcelink.common.nuspec",
        "tools/net461/Microsoft.SourceLink.Common.dll",
        "tools/net461/cs/Microsoft.SourceLink.Common.resources.dll",
        "tools/net461/de/Microsoft.SourceLink.Common.resources.dll",
        "tools/net461/es/Microsoft.SourceLink.Common.resources.dll",
        "tools/net461/fr/Microsoft.SourceLink.Common.resources.dll",
        "tools/net461/it/Microsoft.SourceLink.Common.resources.dll",
        "tools/net461/ja/Microsoft.SourceLink.Common.resources.dll",
        "tools/net461/ko/Microsoft.SourceLink.Common.resources.dll",
        "tools/net461/pl/Microsoft.SourceLink.Common.resources.dll",
        "tools/net461/pt-BR/Microsoft.SourceLink.Common.resources.dll",
        "tools/net461/ru/Microsoft.SourceLink.Common.resources.dll",
        "tools/net461/tr/Microsoft.SourceLink.Common.resources.dll",
        "tools/net461/zh-Hans/Microsoft.SourceLink.Common.resources.dll",
        "tools/net461/zh-Hant/Microsoft.SourceLink.Common.resources.dll",
        "tools/netcoreapp2.0/Microsoft.SourceLink.Common.dll",
        "tools/netcoreapp2.0/cs/Microsoft.SourceLink.Common.resources.dll",
        "tools/netcoreapp2.0/de/Microsoft.SourceLink.Common.resources.dll",
        "tools/netcoreapp2.0/es/Microsoft.SourceLink.Common.resources.dll",
        "tools/netcoreapp2.0/fr/Microsoft.SourceLink.Common.resources.dll",
        "tools/netcoreapp2.0/it/Microsoft.SourceLink.Common.resources.dll",
        "tools/netcoreapp2.0/ja/Microsoft.SourceLink.Common.resources.dll",
        "tools/netcoreapp2.0/ko/Microsoft.SourceLink.Common.resources.dll",
        "tools/netcoreapp2.0/pl/Microsoft.SourceLink.Common.resources.dll",
        "tools/netcoreapp2.0/pt-BR/Microsoft.SourceLink.Common.resources.dll",
        "tools/netcoreapp2.0/ru/Microsoft.SourceLink.Common.resources.dll",
        "tools/netcoreapp2.0/tr/Microsoft.SourceLink.Common.resources.dll",
        "tools/netcoreapp2.0/zh-Hans/Microsoft.SourceLink.Common.resources.dll",
        "tools/netcoreapp2.0/zh-Hant/Microsoft.SourceLink.Common.resources.dll"
      ]
    },
    "Microsoft.SourceLink.GitHub/1.0.0": {
      "sha512": "aZyGyGg2nFSxix+xMkPmlmZSsnGQ3w+mIG23LTxJZHN+GPwTQ5FpPgDo7RMOq+Kcf5D4hFWfXkGhoGstawX13Q==",
      "type": "package",
      "path": "microsoft.sourcelink.github/1.0.0",
      "hasTools": true,
      "files": [
        ".nupkg.metadata",
        ".signature.p7s",
        "Icon.png",
        "build/Microsoft.SourceLink.GitHub.props",
        "build/Microsoft.SourceLink.GitHub.targets",
        "buildMultiTargeting/Microsoft.SourceLink.GitHub.props",
        "buildMultiTargeting/Microsoft.SourceLink.GitHub.targets",
        "microsoft.sourcelink.github.1.0.0.nupkg.sha512",
        "microsoft.sourcelink.github.nuspec",
        "tools/net461/Microsoft.SourceLink.GitHub.dll",
        "tools/net461/cs/Microsoft.SourceLink.GitHub.resources.dll",
        "tools/net461/de/Microsoft.SourceLink.GitHub.resources.dll",
        "tools/net461/es/Microsoft.SourceLink.GitHub.resources.dll",
        "tools/net461/fr/Microsoft.SourceLink.GitHub.resources.dll",
        "tools/net461/it/Microsoft.SourceLink.GitHub.resources.dll",
        "tools/net461/ja/Microsoft.SourceLink.GitHub.resources.dll",
        "tools/net461/ko/Microsoft.SourceLink.GitHub.resources.dll",
        "tools/net461/pl/Microsoft.SourceLink.GitHub.resources.dll",
        "tools/net461/pt-BR/Microsoft.SourceLink.GitHub.resources.dll",
        "tools/net461/ru/Microsoft.SourceLink.GitHub.resources.dll",
        "tools/net461/tr/Microsoft.SourceLink.GitHub.resources.dll",
        "tools/net461/zh-Hans/Microsoft.SourceLink.GitHub.resources.dll",
        "tools/net461/zh-Hant/Microsoft.SourceLink.GitHub.resources.dll",
        "tools/netcoreapp2.0/Microsoft.SourceLink.GitHub.dll",
        "tools/netcoreapp2.0/cs/Microsoft.SourceLink.GitHub.resources.dll",
        "tools/netcoreapp2.0/de/Microsoft.SourceLink.GitHub.resources.dll",
        "tools/netcoreapp2.0/es/Microsoft.SourceLink.GitHub.resources.dll",
        "tools/netcoreapp2.0/fr/Microsoft.SourceLink.GitHub.resources.dll",
        "tools/netcoreapp2.0/it/Microsoft.SourceLink.GitHub.resources.dll",
        "tools/netcoreapp2.0/ja/Microsoft.SourceLink.GitHub.resources.dll",
        "tools/netcoreapp2.0/ko/Microsoft.SourceLink.GitHub.resources.dll",
        "tools/netcoreapp2.0/pl/Microsoft.SourceLink.GitHub.resources.dll",
        "tools/netcoreapp2.0/pt-BR/Microsoft.SourceLink.GitHub.resources.dll",
        "tools/netcoreapp2.0/ru/Microsoft.SourceLink.GitHub.resources.dll",
        "tools/netcoreapp2.0/tr/Microsoft.SourceLink.GitHub.resources.dll",
        "tools/netcoreapp2.0/zh-Hans/Microsoft.SourceLink.GitHub.resources.dll",
        "tools/netcoreapp2.0/zh-Hant/Microsoft.SourceLink.GitHub.resources.dll"
      ]
    },
    "Nerdbank.GitVersioning/3.6.146": {
      "sha512": "W1eQ8hD9Y/cZ2+ilgxECl003xr1hybpN3fMxoTlMqg++BixETBMWzS4y9s08oHJKXgKtudsoxhITNOEf1OR66w==",
      "type": "package",
      "path": "nerdbank.gitversioning/3.6.146",
      "files": [
        ".nupkg.metadata",
        ".signature.p7s",
        "build/InProjectVersionComputation.targets",
        "build/MSBuildCore/LibGit2Sharp.dll",
        "build/MSBuildCore/LibGit2Sharp.dll.config",
        "build/MSBuildCore/Microsoft.DotNet.PlatformAbstractions.dll",
        "build/MSBuildCore/Nerdbank.GitVersioning.Tasks.dll",
        "build/MSBuildCore/Nerdbank.GitVersioning.dll",
        "build/MSBuildCore/Newtonsoft.Json.dll",
        "build/MSBuildCore/Validation.dll",
        "build/MSBuildFull/LibGit2Sharp.dll",
        "build/MSBuildFull/LibGit2Sharp.dll.config",
        "build/MSBuildFull/Microsoft.DotNet.PlatformAbstractions.dll",
        "build/MSBuildFull/Nerdbank.GitVersioning.Tasks.dll",
        "build/MSBuildFull/Nerdbank.GitVersioning.dll",
        "build/MSBuildFull/Newtonsoft.Json.dll",
        "build/MSBuildFull/System.Buffers.dll",
        "build/MSBuildFull/System.Memory.dll",
        "build/MSBuildFull/System.Numerics.Vectors.dll",
        "build/MSBuildFull/System.Runtime.CompilerServices.Unsafe.dll",
        "build/MSBuildFull/System.Text.Json.dll",
        "build/MSBuildFull/Validation.dll",
        "build/MSBuildFull/lib/linux-x64/libgit2-b7bad55.so",
        "build/MSBuildFull/lib/osx-arm64/libgit2-b7bad55.dylib",
        "build/MSBuildFull/lib/osx-x64/libgit2-b7bad55.dylib",
        "build/MSBuildTargetCaching.targets",
        "build/Nerdbank.GitVersioning.Common.targets",
        "build/Nerdbank.GitVersioning.Inner.targets",
        "build/Nerdbank.GitVersioning.props",
        "build/Nerdbank.GitVersioning.targets",
        "build/PrivateP2PCaching.proj",
        "build/runtimes/linux-arm/native/libgit2-b7bad55.so",
        "build/runtimes/linux-arm64/native/libgit2-b7bad55.so",
        "build/runtimes/linux-musl-arm/native/libgit2-b7bad55.so",
        "build/runtimes/linux-musl-arm64/native/libgit2-b7bad55.so",
        "build/runtimes/linux-musl-x64/native/libgit2-b7bad55.so",
        "build/runtimes/linux-x64/native/libgit2-b7bad55.so",
        "build/runtimes/osx-arm64/native/libgit2-b7bad55.dylib",
        "build/runtimes/osx-x64/native/libgit2-b7bad55.dylib",
        "build/runtimes/win-arm64/native/git2-b7bad55.dll",
        "build/runtimes/win-x64/native/git2-b7bad55.dll",
        "build/runtimes/win-x86/native/git2-b7bad55.dll",
        "buildCrossTargeting/Nerdbank.GitVersioning.props",
        "buildCrossTargeting/Nerdbank.GitVersioning.targets",
        "nerdbank.gitversioning.3.6.146.nupkg.sha512",
        "nerdbank.gitversioning.nuspec",
        "readme.txt"
      ]
    },
    "Nullable/1.3.1": {
      "sha512": "Mk4ZVDfAORTjvckQprCSehi1XgOAAlk5ez06Va/acRYEloN9t6d6zpzJRn5MEq7+RnagyFIq9r+kbWzLGd+6QA==",
      "type": "package",
      "path": "nullable/1.3.1",
      "files": [
        ".nupkg.metadata",
        ".signature.p7s",
        "build/Nullable.props",
        "content/net20/Nullable/AllowNullAttribute.cs",
        "content/net20/Nullable/DisallowNullAttribute.cs",
        "content/net20/Nullable/DoesNotReturnAttribute.cs",
        "content/net20/Nullable/DoesNotReturnIfAttribute.cs",
        "content/net20/Nullable/MaybeNullAttribute.cs",
        "content/net20/Nullable/MaybeNullWhenAttribute.cs",
        "content/net20/Nullable/MemberNotNullAttribute.cs",
        "content/net20/Nullable/MemberNotNullWhenAttribute.cs",
        "content/net20/Nullable/NotNullAttribute.cs",
        "content/net20/Nullable/NotNullIfNotNullAttribute.cs",
        "content/net20/Nullable/NotNullWhenAttribute.cs",
        "content/net40/Nullable/AllowNullAttribute.cs",
        "content/net40/Nullable/DisallowNullAttribute.cs",
        "content/net40/Nullable/DoesNotReturnAttribute.cs",
        "content/net40/Nullable/DoesNotReturnIfAttribute.cs",
        "content/net40/Nullable/MaybeNullAttribute.cs",
        "content/net40/Nullable/MaybeNullWhenAttribute.cs",
        "content/net40/Nullable/MemberNotNullAttribute.cs",
        "content/net40/Nullable/MemberNotNullWhenAttribute.cs",
        "content/net40/Nullable/NotNullAttribute.cs",
        "content/net40/Nullable/NotNullIfNotNullAttribute.cs",
        "content/net40/Nullable/NotNullWhenAttribute.cs",
        "content/net5.0/_._",
        "content/netstandard1.0/Nullable/AllowNullAttribute.cs",
        "content/netstandard1.0/Nullable/DisallowNullAttribute.cs",
        "content/netstandard1.0/Nullable/DoesNotReturnAttribute.cs",
        "content/netstandard1.0/Nullable/DoesNotReturnIfAttribute.cs",
        "content/netstandard1.0/Nullable/MaybeNullAttribute.cs",
        "content/netstandard1.0/Nullable/MaybeNullWhenAttribute.cs",
        "content/netstandard1.0/Nullable/MemberNotNullAttribute.cs",
        "content/netstandard1.0/Nullable/MemberNotNullWhenAttribute.cs",
        "content/netstandard1.0/Nullable/NotNullAttribute.cs",
        "content/netstandard1.0/Nullable/NotNullIfNotNullAttribute.cs",
        "content/netstandard1.0/Nullable/NotNullWhenAttribute.cs",
        "content/netstandard2.0/Nullable/AllowNullAttribute.cs",
        "content/netstandard2.0/Nullable/DisallowNullAttribute.cs",
        "content/netstandard2.0/Nullable/DoesNotReturnAttribute.cs",
        "content/netstandard2.0/Nullable/DoesNotReturnIfAttribute.cs",
        "content/netstandard2.0/Nullable/MaybeNullAttribute.cs",
        "content/netstandard2.0/Nullable/MaybeNullWhenAttribute.cs",
        "content/netstandard2.0/Nullable/MemberNotNullAttribute.cs",
        "content/netstandard2.0/Nullable/MemberNotNullWhenAttribute.cs",
        "content/netstandard2.0/Nullable/NotNullAttribute.cs",
        "content/netstandard2.0/Nullable/NotNullIfNotNullAttribute.cs",
        "content/netstandard2.0/Nullable/NotNullWhenAttribute.cs",
        "content/netstandard2.1/Nullable/MemberNotNullAttribute.cs",
        "content/netstandard2.1/Nullable/MemberNotNullWhenAttribute.cs",
        "contentFiles/cs/net20/Nullable/AllowNullAttribute.cs",
        "contentFiles/cs/net20/Nullable/DisallowNullAttribute.cs",
        "contentFiles/cs/net20/Nullable/DoesNotReturnAttribute.cs",
        "contentFiles/cs/net20/Nullable/DoesNotReturnIfAttribute.cs",
        "contentFiles/cs/net20/Nullable/MaybeNullAttribute.cs",
        "contentFiles/cs/net20/Nullable/MaybeNullWhenAttribute.cs",
        "contentFiles/cs/net20/Nullable/MemberNotNullAttribute.cs",
        "contentFiles/cs/net20/Nullable/MemberNotNullWhenAttribute.cs",
        "contentFiles/cs/net20/Nullable/NotNullAttribute.cs",
        "contentFiles/cs/net20/Nullable/NotNullIfNotNullAttribute.cs",
        "contentFiles/cs/net20/Nullable/NotNullWhenAttribute.cs",
        "contentFiles/cs/net40/Nullable/AllowNullAttribute.cs",
        "contentFiles/cs/net40/Nullable/DisallowNullAttribute.cs",
        "contentFiles/cs/net40/Nullable/DoesNotReturnAttribute.cs",
        "contentFiles/cs/net40/Nullable/DoesNotReturnIfAttribute.cs",
        "contentFiles/cs/net40/Nullable/MaybeNullAttribute.cs",
        "contentFiles/cs/net40/Nullable/MaybeNullWhenAttribute.cs",
        "contentFiles/cs/net40/Nullable/MemberNotNullAttribute.cs",
        "contentFiles/cs/net40/Nullable/MemberNotNullWhenAttribute.cs",
        "contentFiles/cs/net40/Nullable/NotNullAttribute.cs",
        "contentFiles/cs/net40/Nullable/NotNullIfNotNullAttribute.cs",
        "contentFiles/cs/net40/Nullable/NotNullWhenAttribute.cs",
        "contentFiles/cs/net5.0/_._",
        "contentFiles/cs/netstandard1.0/Nullable/AllowNullAttribute.cs",
        "contentFiles/cs/netstandard1.0/Nullable/DisallowNullAttribute.cs",
        "contentFiles/cs/netstandard1.0/Nullable/DoesNotReturnAttribute.cs",
        "contentFiles/cs/netstandard1.0/Nullable/DoesNotReturnIfAttribute.cs",
        "contentFiles/cs/netstandard1.0/Nullable/MaybeNullAttribute.cs",
        "contentFiles/cs/netstandard1.0/Nullable/MaybeNullWhenAttribute.cs",
        "contentFiles/cs/netstandard1.0/Nullable/MemberNotNullAttribute.cs",
        "contentFiles/cs/netstandard1.0/Nullable/MemberNotNullWhenAttribute.cs",
        "contentFiles/cs/netstandard1.0/Nullable/NotNullAttribute.cs",
        "contentFiles/cs/netstandard1.0/Nullable/NotNullIfNotNullAttribute.cs",
        "contentFiles/cs/netstandard1.0/Nullable/NotNullWhenAttribute.cs",
        "contentFiles/cs/netstandard2.0/Nullable/AllowNullAttribute.cs",
        "contentFiles/cs/netstandard2.0/Nullable/DisallowNullAttribute.cs",
        "contentFiles/cs/netstandard2.0/Nullable/DoesNotReturnAttribute.cs",
        "contentFiles/cs/netstandard2.0/Nullable/DoesNotReturnIfAttribute.cs",
        "contentFiles/cs/netstandard2.0/Nullable/MaybeNullAttribute.cs",
        "contentFiles/cs/netstandard2.0/Nullable/MaybeNullWhenAttribute.cs",
        "contentFiles/cs/netstandard2.0/Nullable/MemberNotNullAttribute.cs",
        "contentFiles/cs/netstandard2.0/Nullable/MemberNotNullWhenAttribute.cs",
        "contentFiles/cs/netstandard2.0/Nullable/NotNullAttribute.cs",
        "contentFiles/cs/netstandard2.0/Nullable/NotNullIfNotNullAttribute.cs",
        "contentFiles/cs/netstandard2.0/Nullable/NotNullWhenAttribute.cs",
        "contentFiles/cs/netstandard2.1/Nullable/MemberNotNullAttribute.cs",
        "contentFiles/cs/netstandard2.1/Nullable/MemberNotNullWhenAttribute.cs",
        "icon.png",
        "nullable.1.3.1.nupkg.sha512",
        "nullable.nuspec"
      ]
    }
  },
  "projectFileDependencyGroups": {
    "net8.0": [
      "CSharpIsNullAnalyzer >= 0.1.593",
      "DotNetAnalyzers.DocumentationAnalyzers >= 1.0.0-beta.59",
      "Microsoft.SourceLink.GitHub >= 1.0.0",
      "Nerdbank.GitVersioning >= 3.6.146",
      "Nullable >= 1.3.1"
    ]
  },
  "packageFolders": {
    "D:\\.nuget\\packages": {},
    "C:\\Program Files (x86)\\Microsoft Visual Studio\\Shared\\NuGetPackages": {}
  },
  "project": {
    "version": "1.0.0",
    "restore": {
      "projectUniqueName": "C:\\Users\\Charl\\source\\repos\\uuid\\src\\libanvl.UUID\\libanvl.UUID.csproj",
      "projectName": "libanvl.uuid",
      "projectPath": "C:\\Users\\Charl\\source\\repos\\uuid\\src\\libanvl.UUID\\libanvl.UUID.csproj",
      "packagesPath": "D:\\.nuget\\packages",
      "outputPath": "C:\\Users\\Charl\\source\\repos\\uuid\\out\\obj\\..\\..\\src\\libanvl.UUID\\",
      "projectStyle": "PackageReference",
      "centralPackageVersionsManagementEnabled": true,
      "CentralPackageTransitivePinningEnabled": true,
      "fallbackFolders": [
        "C:\\Program Files (x86)\\Microsoft Visual Studio\\Shared\\NuGetPackages"
      ],
      "configFilePaths": [
        "C:\\Users\\Charl\\AppData\\Roaming\\NuGet\\NuGet.Config",
        "C:\\Program Files (x86)\\NuGet\\Config\\Microsoft.VisualStudio.FallbackLocation.config",
        "C:\\Program Files (x86)\\NuGet\\Config\\Microsoft.VisualStudio.Offline.config"
      ],
      "originalTargetFrameworks": [
        "net8.0"
      ],
      "sources": {
        "C:\\Program Files (x86)\\Microsoft SDKs\\NuGetPackages\\": {},
        "https://api.nuget.org/v3/index.json": {}
      },
      "frameworks": {
        "net8.0": {
          "targetAlias": "net8.0",
          "projectReferences": {}
        }
      },
      "warningProperties": {
        "warnAsError": [
          "NU1605"
        ]
      },
      "restoreAuditProperties": {
        "enableAudit": "true",
        "auditLevel": "low",
        "auditMode": "direct"
      }
    },
    "frameworks": {
      "net8.0": {
        "targetAlias": "net8.0",
        "dependencies": {
          "CSharpIsNullAnalyzer": {
            "include": "Runtime, Build, Native, ContentFiles, Analyzers",
            "suppressParent": "All",
            "target": "Package",
            "version": "[0.1.593, )",
            "generatePathProperty": true,
            "versionCentrallyManaged": true
          },
          "DotNetAnalyzers.DocumentationAnalyzers": {
            "include": "Runtime, Build, Native, ContentFiles, Analyzers",
            "suppressParent": "All",
            "target": "Package",
            "version": "[1.0.0-beta.59, )",
            "generatePathProperty": true,
            "versionCentrallyManaged": true
          },
          "Microsoft.SourceLink.GitHub": {
            "include": "Runtime, Build, Native, ContentFiles, Analyzers",
            "suppressParent": "All",
            "target": "Package",
            "version": "[1.0.0, )",
            "generatePathProperty": true,
            "versionCentrallyManaged": true
          },
          "Nerdbank.GitVersioning": {
            "include": "Runtime, Build, Native, ContentFiles, Analyzers",
            "suppressParent": "All",
            "target": "Package",
            "version": "[3.6.146, )",
            "generatePathProperty": true,
            "versionCentrallyManaged": true
          },
          "Nullable": {
            "include": "Runtime, Build, Native, ContentFiles, Analyzers",
            "suppressParent": "All",
            "target": "Package",
            "version": "[1.3.1, )",
            "generatePathProperty": true,
            "versionCentrallyManaged": true
          }
        },
        "centralPackageVersions": {
          "coverlet.collector": "6.0.2",
          "coverlet.msbuild": "6.0.2",
          "CSharpIsNullAnalyzer": "0.1.593",
          "DotNetAnalyzers.DocumentationAnalyzers": "1.0.0-beta.59",
          "Microsoft.NET.Test.Sdk": "17.12.0",
          "Microsoft.SourceLink.GitHub": "1.0.0",
          "Nerdbank.GitVersioning": "3.6.146",
          "Nullable": "1.3.1",
          "xunit": "2.9.2",
          "xunit.analyzers": "1.17.0",
          "xunit.runner.visualstudio": "2.8.2"
        },
        "imports": [
          "net461",
          "net462",
          "net47",
          "net471",
          "net472",
          "net48",
          "net481"
        ],
        "assetTargetFallback": true,
        "warn": true,
        "frameworkReferences": {
          "Microsoft.NETCore.App": {
            "privateAssets": "all"
          }
        },
        "runtimeIdentifierGraphPath": "C:\\Program Files\\dotnet\\sdk\\8.0.404/PortableRuntimeIdentifierGraph.json"
      }
    }
  }
}